
Microsoft Visual Studio Solution File, Format Version 12.00
# Visual Studio 14
VisualStudioVersion = 14.0.25123.0
MinimumVisualStudioVersion = 10.0.40219.1
Project("{FAE04EC0-301F-11D3-BF4B-00C04F79EFBC}") = "ShiftOS", "WindowsFormsApplication1\ShiftOS.csproj", "{00BE72D0-B744-48BA-9C60-BC429757FC32}"
EndProject
Project("{2150E333-8FDC-42A3-9474-1A3956D46DE8}") = "Solution Items", "Solution Items", "{FFE98655-2954-4933-8033-B09C671DB969}"
	ProjectSection(SolutionItems) = preProject
		README.md = README.md
	EndProjectSection
EndProject
Project("{FAE04EC0-301F-11D3-BF4B-00C04F79EFBC}") = "ShiftUI", "ShiftUI\ShiftUI.csproj", "{C56E34D0-4749-4A73-9469-BCCD063569CD}"
EndProject
Project("{FAE04EC0-301F-11D3-BF4B-00C04F79EFBC}") = "ShiftUI Designer", "..\..\Project-Circle\ShiftUI Designer\ShiftUI Designer.csproj", "{20C1A600-B5C2-4226-B5B6-3F17716D2669}"
EndProject
Global
	GlobalSection(SolutionConfigurationPlatforms) = preSolution
		Debug|Any CPU = Debug|Any CPU
		Release|Any CPU = Release|Any CPU
	EndGlobalSection
	GlobalSection(ProjectConfigurationPlatforms) = postSolution
		{00BE72D0-B744-48BA-9C60-BC429757FC32}.Debug|Any CPU.ActiveCfg = Debug|Any CPU
		{00BE72D0-B744-48BA-9C60-BC429757FC32}.Debug|Any CPU.Build.0 = Debug|Any CPU
		{00BE72D0-B744-48BA-9C60-BC429757FC32}.Release|Any CPU.ActiveCfg = Release|Any CPU
		{00BE72D0-B744-48BA-9C60-BC429757FC32}.Release|Any CPU.Build.0 = Release|Any CPU
		{C56E34D0-4749-4A73-9469-BCCD063569CD}.Debug|Any CPU.ActiveCfg = Debug|Any CPU
		{C56E34D0-4749-4A73-9469-BCCD063569CD}.Debug|Any CPU.Build.0 = Debug|Any CPU
		{C56E34D0-4749-4A73-9469-BCCD063569CD}.Release|Any CPU.ActiveCfg = Release|Any CPU
		{C56E34D0-4749-4A73-9469-BCCD063569CD}.Release|Any CPU.Build.0 = Release|Any CPU
		{20C1A600-B5C2-4226-B5B6-3F17716D2669}.Debug|Any CPU.ActiveCfg = Debug|Any CPU
		{20C1A600-B5C2-4226-B5B6-3F17716D2669}.Debug|Any CPU.Build.0 = Debug|Any CPU
		{20C1A600-B5C2-4226-B5B6-3F17716D2669}.Release|Any CPU.ActiveCfg = Release|Any CPU
		{20C1A600-B5C2-4226-B5B6-3F17716D2669}.Release|Any CPU.Build.0 = Release|Any CPU
	EndGlobalSection
	GlobalSection(SolutionProperties) = preSolution
		HideSolutionNode = FALSE
	EndGlobalSection
EndGlobal
